
Microsoft Visual Studio Solution File, Format Version 12.00
# Visual Studio Version 16
VisualStudioVersion = 16.0.31105.61
MinimumVisualStudioVersion = 10.0.40219.1
Project("{9A19103F-16F7-4668-BE54-9A1E7A4F7556}") = "coursework", "coursework.csproj", "{A362A18C-07B6-4F11-B377-D4A5C6C4A7D5}"
EndProject
Project("{FAE04EC0-301F-11D3-BF4B-00C04F79EFBC}") = "Hotel", "..\cw_Library\Hotel.csproj", "{10F416AB-A6AC-4FA1-8E44-CA201C2E5BAE}"
EndProject
Global
	GlobalSection(SolutionConfigurationPlatforms) = preSolution
		Debug|Any CPU = Debug|Any CPU
		Release|Any CPU = Release|Any CPU
	EndGlobalSection
	GlobalSection(ProjectConfigurationPlatforms) = postSolution
		{A362A18C-07B6-4F11-B377-D4A5C6C4A7D5}.Debug|Any CPU.ActiveCfg = Debug|Any CPU
		{A362A18C-07B6-4F11-B377-D4A5C6C4A7D5}.Debug|Any CPU.Build.0 = Debug|Any CPU
		{A362A18C-07B6-4F11-B377-D4A5C6C4A7D5}.Release|Any CPU.ActiveCfg = Release|Any CPU
		{A362A18C-07B6-4F11-B377-D4A5C6C4A7D5}.Release|Any CPU.Build.0 = Release|Any CPU
		{10F416AB-A6AC-4FA1-8E44-CA201C2E5BAE}.Debug|Any CPU.ActiveCfg = Debug|Any CPU
		{10F416AB-A6AC-4FA1-8E44-CA201C2E5BAE}.Debug|Any CPU.Build.0 = Debug|Any CPU
		{10F416AB-A6AC-4FA1-8E44-CA201C2E5BAE}.Release|Any CPU.ActiveCfg = Release|Any CPU
		{10F416AB-A6AC-4FA1-8E44-CA201C2E5BAE}.Release|Any CPU.Build.0 = Release|Any CPU
	EndGlobalSection
	GlobalSection(SolutionProperties) = preSolution
		HideSolutionNode = FALSE
	EndGlobalSection
	GlobalSection(ExtensibilityGlobals) = postSolution
		SolutionGuid = {632721B6-9672-445E-AC6B-F9380D76FE08}
	EndGlobalSection
EndGlobal
